
Microsoft Visual Studio Solution File, Format Version 12.00
# Visual Studio 15
VisualStudioVersion = 15.0.27004.2009
MinimumVisualStudioVersion = 10.0.40219.1
Project("{FAE04EC0-301F-11D3-BF4B-00C04F79EFBC}") = "TNAShop", "TNAShop\TNAShop.csproj", "{CA14D05B-04BD-4D08-8471-5A2C50EA573C}"
EndProject
Global
	GlobalSection(SolutionConfigurationPlatforms) = preSolution
		Debug|Any CPU = Debug|Any CPU
		Release|Any CPU = Release|Any CPU
	EndGlobalSection
	GlobalSection(ProjectConfigurationPlatforms) = postSolution
		{CA14D05B-04BD-4D08-8471-5A2C50EA573C}.Debug|Any CPU.ActiveCfg = Debug|Any CPU
		{CA14D05B-04BD-4D08-8471-5A2C50EA573C}.Debug|Any CPU.Build.0 = Debug|Any CPU
		{CA14D05B-04BD-4D08-8471-5A2C50EA573C}.Release|Any CPU.ActiveCfg = Release|Any CPU
		{CA14D05B-04BD-4D08-8471-5A2C50EA573C}.Release|Any CPU.Build.0 = Release|Any CPU
	EndGlobalSection
	GlobalSection(SolutionProperties) = preSolution
		HideSolutionNode = FALSE
	EndGlobalSection
	GlobalSection(ExtensibilityGlobals) = postSolution
		SolutionGuid = {C512E1FC-AAD3-439B-8C6F-80350535C2BE}
	EndGlobalSection
EndGlobal
